
Microsoft Visual Studio Solution File, Format Version 12.00
# Visual Studio 2012
Project("{FAE04EC0-301F-11D3-BF4B-00C04F79EFBC}") = "SharpProxy", "SharpProxy\SharpProxy.csproj", "{5804B298-1C8C-47E5-ADB0-44938A154BF9}"
EndProject
Project("{FAE04EC0-301F-11D3-BF4B-00C04F79EFBC}") = "SharpProxyTest", "SharpProxyTest\SharpProxyTest.csproj", "{FCCE1AB6-BA23-4891-8835-1700FF794F98}"
EndProject
Global
	GlobalSection(SolutionConfigurationPlatforms) = preSolution
		Debug|Any CPU = Debug|Any CPU
		Release|Any CPU = Release|Any CPU
	EndGlobalSection
	GlobalSection(ProjectConfigurationPlatforms) = postSolution
		{5804B298-1C8C-47E5-ADB0-44938A154BF9}.Debug|Any CPU.ActiveCfg = Debug|Any CPU
		{5804B298-1C8C-47E5-ADB0-44938A154BF9}.Debug|Any CPU.Build.0 = Debug|Any CPU
		{5804B298-1C8C-47E5-ADB0-44938A154BF9}.Release|Any CPU.ActiveCfg = Release|Any CPU
		{5804B298-1C8C-47E5-ADB0-44938A154BF9}.Release|Any CPU.Build.0 = Release|Any CPU
		{FCCE1AB6-BA23-4891-8835-1700FF794F98}.Debug|Any CPU.ActiveCfg = Debug|Any CPU
		{FCCE1AB6-BA23-4891-8835-1700FF794F98}.Debug|Any CPU.Build.0 = Debug|Any CPU
		{FCCE1AB6-BA23-4891-8835-1700FF794F98}.Release|Any CPU.ActiveCfg = Release|Any CPU
		{FCCE1AB6-BA23-4891-8835-1700FF794F98}.Release|Any CPU.Build.0 = Release|Any CPU
	EndGlobalSection
EndGlobal
